// !$*UTF8*$!
{
	archiveVersion = 1;
	classes = {
	};
	objectVersion = 46;
	objects = {

/* Begin PBXBuildFile section */
		4A438FB11CFE068F006EBF44 /* AppDelegate.swift in Sources */ = {isa = PBXBuildFile; fileRef = 4A438FB01CFE068F006EBF44 /* AppDelegate.swift */; };
		4A438FB31CFE068F006EBF44 /* ViewController.swift in Sources */ = {isa = PBXBuildFile; fileRef = 4A438FB21CFE068F006EBF44 /* ViewController.swift */; };
		4A438FB61CFE068F006EBF44 /* Main.storyboard in Resources */ = {isa = PBXBuildFile; fileRef = 4A438FB41CFE068F006EBF44 /* Main.storyboard */; };
		4A438FB81CFE068F006EBF44 /* Assets.xcassets in Resources */ = {isa = PBXBuildFile; fileRef = 4A438FB71CFE068F006EBF44 /* Assets.xcassets */; };
		4A438FBB1CFE068F006EBF44 /* LaunchScreen.storyboard in Resources */ = {isa = PBXBuildFile; fileRef = 4A438FB91CFE068F006EBF44 /* LaunchScreen.storyboard */; };
		4A438FCE1CFF4CAD006EBF44 /* FMDatabase.m in Sources */ = {isa = PBXBuildFile; fileRef = 4A438FC41CFF4CAD006EBF44 /* FMDatabase.m */; settings = {COMPILER_FLAGS = "-fno-objc-arc"; }; };
		4A438FCF1CFF4CAD006EBF44 /* FMDatabaseAdditions.m in Sources */ = {isa = PBXBuildFile; fileRef = 4A438FC61CFF4CAD006EBF44 /* FMDatabaseAdditions.m */; settings = {COMPILER_FLAGS = "-fno-objc-arc"; }; };
		4A438FD01CFF4CAD006EBF44 /* FMDatabasePool.m in Sources */ = {isa = PBXBuildFile; fileRef = 4A438FC81CFF4CAD006EBF44 /* FMDatabasePool.m */; settings = {COMPILER_FLAGS = "-fno-objc-arc"; }; };
		4A438FD11CFF4CAD006EBF44 /* FMDatabaseQueue.m in Sources */ = {isa = PBXBuildFile; fileRef = 4A438FCA1CFF4CAD006EBF44 /* FMDatabaseQueue.m */; settings = {COMPILER_FLAGS = "-fno-objc-arc"; }; };
		4A438FD21CFF4CAD006EBF44 /* FMResultSet.m in Sources */ = {isa = PBXBuildFile; fileRef = 4A438FCD1CFF4CAD006EBF44 /* FMResultSet.m */; settings = {COMPILER_FLAGS = "-fno-objc-arc"; }; };
		4A438FD51CFF4D37006EBF44 /* libsqlite3.0.tbd in Frameworks */ = {isa = PBXBuildFile; fileRef = 4A438FD41CFF4D37006EBF44 /* libsqlite3.0.tbd */; };
		4A438FD91CFF533D006EBF44 /* Utility.swift in Sources */ = {isa = PBXBuildFile; fileRef = 4A438FD81CFF533D006EBF44 /* Utility.swift */; };
		4A438FDB1CFF53F1006EBF44 /* Ingresos.swift in Sources */ = {isa = PBXBuildFile; fileRef = 4A438FDA1CFF53F1006EBF44 /* Ingresos.swift */; };
		4A438FE01CFF5A03006EBF44 /* ModelManager.swift in Sources */ = {isa = PBXBuildFile; fileRef = 4A438FDF1CFF5A03006EBF44 /* ModelManager.swift */; };
		4A438FE41CFF756B006EBF44 /* EconomizadorDB.sqlite in Resources */ = {isa = PBXBuildFile; fileRef = 4A438FE31CFF756B006EBF44 /* EconomizadorDB.sqlite */; };
		4A438FEA1CFFA9DC006EBF44 /* AgregarIngresoViewController.swift in Sources */ = {isa = PBXBuildFile; fileRef = 4A438FE91CFFA9DC006EBF44 /* AgregarIngresoViewController.swift */; };
		52BFCE4D221A1F8500D6482B /* UIViewController.swift in Sources */ = {isa = PBXBuildFile; fileRef = 52BFCE4C221A1F8500D6482B /* UIViewController.swift */; };
/* End PBXBuildFile section */

/* Begin PBXFileReference section */
		4A438FAD1CFE068E006EBF44 /* Economizador.app */ = {isa = PBXFileReference; explicitFileType = wrapper.application; includeInIndex = 0; path = Economizador.app; sourceTree = BUILT_PRODUCTS_DIR; };
		4A438FB01CFE068F006EBF44 /* AppDelegate.swift */ = {isa = PBXFileReference; lastKnownFileType = sourcecode.swift; path = AppDelegate.swift; sourceTree = "<group>"; };
		4A438FB21CFE068F006EBF44 /* ViewController.swift */ = {isa = PBXFileReference; lastKnownFileType = sourcecode.swift; path = ViewController.swift; sourceTree = "<group>"; };
		4A438FB51CFE068F006EBF44 /* Base */ = {isa = PBXFileReference; lastKnownFileType = file.storyboard; name = Base; path = Base.lproj/Main.storyboard; sourceTree = "<group>"; };
		4A438FB71CFE068F006EBF44 /* Assets.xcassets */ = {isa = PBXFileReference; lastKnownFileType = folder.assetcatalog; path = Assets.xcassets; sourceTree = "<group>"; };
		4A438FBA1CFE068F006EBF44 /* Base */ = {isa = PBXFileReference; lastKnownFileType = file.storyboard; name = Base; path = Base.lproj/LaunchScreen.storyboard; sourceTree = "<group>"; };
		4A438FBC1CFE068F006EBF44 /* Info.plist */ = {isa = PBXFileReference; lastKnownFileType = text.plist.xml; path = Info.plist; sourceTree = "<group>"; };
		4A438FC21CFF4CAC006EBF44 /* Economizador-Bridging-Header.h */ = {isa = PBXFileReference; lastKnownFileType = sourcecode.c.h; path = "Economizador-Bridging-Header.h"; sourceTree = "<group>"; };
		4A438FC31CFF4CAD006EBF44 /* FMDatabase.h */ = {isa = PBXFileReference; fileEncoding = 4; lastKnownFileType = sourcecode.c.h; path = FMDatabase.h; sourceTree = "<group>"; };
		4A438FC41CFF4CAD006EBF44 /* FMDatabase.m */ = {isa = PBXFileReference; fileEncoding = 4; lastKnownFileType = sourcecode.c.objc; path = FMDatabase.m; sourceTree = "<group>"; };
		4A438FC51CFF4CAD006EBF44 /* FMDatabaseAdditions.h */ = {isa = PBXFileReference; fileEncoding = 4; lastKnownFileType = sourcecode.c.h; path = FMDatabaseAdditions.h; sourceTree = "<group>"; };
		4A438FC61CFF4CAD006EBF44 /* FMDatabaseAdditions.m */ = {isa = PBXFileReference; fileEncoding = 4; lastKnownFileType = sourcecode.c.objc; path = FMDatabaseAdditions.m; sourceTree = "<group>"; };
		4A438FC71CFF4CAD006EBF44 /* FMDatabasePool.h */ = {isa = PBXFileReference; fileEncoding = 4; lastKnownFileType = sourcecode.c.h; path = FMDatabasePool.h; sourceTree = "<group>"; };
		4A438FC81CFF4CAD006EBF44 /* FMDatabasePool.m */ = {isa = PBXFileReference; fileEncoding = 4; lastKnownFileType = sourcecode.c.objc; path = FMDatabasePool.m; sourceTree = "<group>"; };
		4A438FC91CFF4CAD006EBF44 /* FMDatabaseQueue.h */ = {isa = PBXFileReference; fileEncoding = 4; lastKnownFileType = sourcecode.c.h; path = FMDatabaseQueue.h; sourceTree = "<group>"; };
		4A438FCA1CFF4CAD006EBF44 /* FMDatabaseQueue.m */ = {isa = PBXFileReference; fileEncoding = 4; lastKnownFileType = sourcecode.c.objc; path = FMDatabaseQueue.m; sourceTree = "<group>"; };
		4A438FCB1CFF4CAD006EBF44 /* FMDB.h */ = {isa = PBXFileReference; fileEncoding = 4; lastKnownFileType = sourcecode.c.h; path = FMDB.h; sourceTree = "<group>"; };
		4A438FCC1CFF4CAD006EBF44 /* FMResultSet.h */ = {isa = PBXFileReference; fileEncoding = 4; lastKnownFileType = sourcecode.c.h; path = FMResultSet.h; sourceTree = "<group>"; };
		4A438FCD1CFF4CAD006EBF44 /* FMResultSet.m */ = {isa = PBXFileReference; fileEncoding = 4; lastKnownFileType = sourcecode.c.objc; path = FMResultSet.m; sourceTree = "<group>"; };
		4A438FD41CFF4D37006EBF44 /* libsqlite3.0.tbd */ = {isa = PBXFileReference; lastKnownFileType = "sourcecode.text-based-dylib-definition"; name = libsqlite3.0.tbd; path = usr/lib/libsqlite3.0.tbd; sourceTree = SDKROOT; };
		4A438FD81CFF533D006EBF44 /* Utility.swift */ = {isa = PBXFileReference; fileEncoding = 4; lastKnownFileType = sourcecode.swift; path = Utility.swift; sourceTree = "<group>"; };
		4A438FDA1CFF53F1006EBF44 /* Ingresos.swift */ = {isa = PBXFileReference; fileEncoding = 4; lastKnownFileType = sourcecode.swift; path = Ingresos.swift; sourceTree = "<group>"; };
		4A438FDF1CFF5A03006EBF44 /* ModelManager.swift */ = {isa = PBXFileReference; fileEncoding = 4; lastKnownFileType = sourcecode.swift; path = ModelManager.swift; sourceTree = "<group>"; };
		4A438FE31CFF756B006EBF44 /* EconomizadorDB.sqlite */ = {isa = PBXFileReference; lastKnownFileType = file; path = EconomizadorDB.sqlite; sourceTree = "<group>"; };
		4A438FE91CFFA9DC006EBF44 /* AgregarIngresoViewController.swift */ = {isa = PBXFileReference; fileEncoding = 4; lastKnownFileType = sourcecode.swift; path = AgregarIngresoViewController.swift; sourceTree = "<group>"; };
		52BFCE4C221A1F8500D6482B /* UIViewController.swift */ = {isa = PBXFileReference; lastKnownFileType = sourcecode.swift; path = UIViewController.swift; sourceTree = "<group>"; };
/* End PBXFileReference section */

/* Begin PBXFrameworksBuildPhase section */
		4A438FAA1CFE068E006EBF44 /* Frameworks */ = {
			isa = PBXFrameworksBuildPhase;
			buildActionMask = 2147483647;
			files = (
				4A438FD51CFF4D37006EBF44 /* libsqlite3.0.tbd in Frameworks */,
			);
			runOnlyForDeploymentPostprocessing = 0;
		};
/* End PBXFrameworksBuildPhase section */

/* Begin PBXGroup section */
		4A438FA41CFE068E006EBF44 = {
			isa = PBXGroup;
			children = (
				52993B8F2219F201001B0DF1 /* frameworks */,
				4A438FD41CFF4D37006EBF44 /* libsqlite3.0.tbd */,
				4A438FAF1CFE068F006EBF44 /* Economizador */,
				4A438FAE1CFE068E006EBF44 /* Products */,
			);
			sourceTree = "<group>";
		};
		4A438FAE1CFE068E006EBF44 /* Products */ = {
			isa = PBXGroup;
			children = (
				4A438FAD1CFE068E006EBF44 /* Economizador.app */,
			);
			name = Products;
			sourceTree = "<group>";
		};
		4A438FAF1CFE068F006EBF44 /* Economizador */ = {
			isa = PBXGroup;
			children = (
				4A438FB01CFE068F006EBF44 /* AppDelegate.swift */,
				52BFCE50221A211D00D6482B /* Bridge */,
				52BFCE4F221A20EF00D6482B /* Storyboards */,
				52BFCE4E221A20BE00D6482B /* Controllers */,
				4A438FD31CFF4CCF006EBF44 /* Base de Datos */,
				52BFCE4B221A1F5E00D6482B /* Extension */,
				4A438FB71CFE068F006EBF44 /* Assets.xcassets */,
				4A438FBC1CFE068F006EBF44 /* Info.plist */,
			);
			path = Economizador;
			sourceTree = "<group>";
		};
		4A438FD31CFF4CCF006EBF44 /* Base de Datos */ = {
			isa = PBXGroup;
			children = (
				4A438FDC1CFF5524006EBF44 /* Librerias */,
				4A438FD81CFF533D006EBF44 /* Utility.swift */,
				4A438FDF1CFF5A03006EBF44 /* ModelManager.swift */,
				4A438FDA1CFF53F1006EBF44 /* Ingresos.swift */,
			);
			name = "Base de Datos";
			sourceTree = "<group>";
		};
		4A438FDC1CFF5524006EBF44 /* Librerias */ = {
			isa = PBXGroup;
			children = (
				4A438FC31CFF4CAD006EBF44 /* FMDatabase.h */,
				4A438FC41CFF4CAD006EBF44 /* FMDatabase.m */,
				4A438FC51CFF4CAD006EBF44 /* FMDatabaseAdditions.h */,
				4A438FC61CFF4CAD006EBF44 /* FMDatabaseAdditions.m */,
				4A438FC71CFF4CAD006EBF44 /* FMDatabasePool.h */,
				4A438FC81CFF4CAD006EBF44 /* FMDatabasePool.m */,
				4A438FC91CFF4CAD006EBF44 /* FMDatabaseQueue.h */,
				4A438FCA1CFF4CAD006EBF44 /* FMDatabaseQueue.m */,
				4A438FCB1CFF4CAD006EBF44 /* FMDB.h */,
				4A438FCC1CFF4CAD006EBF44 /* FMResultSet.h */,
				4A438FCD1CFF4CAD006EBF44 /* FMResultSet.m */,
			);
			name = Librerias;
			sourceTree = "<group>";
		};
		52993B8F2219F201001B0DF1 /* frameworks */ = {
			isa = PBXGroup;
			children = (
				4A438FE31CFF756B006EBF44 /* EconomizadorDB.sqlite */,
			);
			path = frameworks;
			sourceTree = "<group>";
		};
		52BFCE4B221A1F5E00D6482B /* Extension */ = {
			isa = PBXGroup;
			children = (
				52BFCE4C221A1F8500D6482B /* UIViewController.swift */,
			);
			name = Extension;
			sourceTree = "<group>";
		};
		52BFCE4E221A20BE00D6482B /* Controllers */ = {
			isa = PBXGroup;
			children = (
				4A438FB21CFE068F006EBF44 /* ViewController.swift */,
				4A438FE91CFFA9DC006EBF44 /* AgregarIngresoViewController.swift */,
			);
			name = Controllers;
			sourceTree = "<group>";
		};
		52BFCE4F221A20EF00D6482B /* Storyboards */ = {
			isa = PBXGroup;
			children = (
				4A438FB91CFE068F006EBF44 /* LaunchScreen.storyboard */,
				4A438FB41CFE068F006EBF44 /* Main.storyboard */,
			);
			name = Storyboards;
			sourceTree = "<group>";
		};
		52BFCE50221A211D00D6482B /* Bridge */ = {
			isa = PBXGroup;
			children = (
				4A438FC21CFF4CAC006EBF44 /* Economizador-Bridging-Header.h */,
			);
			name = Bridge;
			sourceTree = "<group>";
		};
/* End PBXGroup section */

/* Begin PBXNativeTarget section */
		4A438FAC1CFE068E006EBF44 /* Economizador */ = {
			isa = PBXNativeTarget;
			buildConfigurationList = 4A438FBF1CFE068F006EBF44 /* Build configuration list for PBXNativeTarget "Economizador" */;
			buildPhases = (
				4A438FA91CFE068E006EBF44 /* Sources */,
				4A438FAA1CFE068E006EBF44 /* Frameworks */,
				4A438FAB1CFE068E006EBF44 /* Resources */,
			);
			buildRules = (
			);
			dependencies = (
			);
			name = Economizador;
			productName = Economizador;
			productReference = 4A438FAD1CFE068E006EBF44 /* Economizador.app */;
			productType = "com.apple.product-type.application";
		};
/* End PBXNativeTarget section */

/* Begin PBXProject section */
		4A438FA51CFE068E006EBF44 /* Project object */ = {
			isa = PBXProject;
			attributes = {
				LastSwiftUpdateCheck = 0730;
				LastUpgradeCheck = 0730;
				ORGANIZATIONNAME = apperture;
				TargetAttributes = {
					4A438FAC1CFE068E006EBF44 = {
						CreatedOnToolsVersion = 7.3.1;
						DevelopmentTeam = MC2W678MVZ;
						LastSwiftMigration = 0810;
					};
				};
			};
			buildConfigurationList = 4A438FA81CFE068E006EBF44 /* Build configuration list for PBXProject "Economizador" */;
			compatibilityVersion = "Xcode 3.2";
			developmentRegion = English;
			hasScannedForEncodings = 0;
			knownRegions = (
				en,
				Base,
			);
			mainGroup = 4A438FA41CFE068E006EBF44;
			productRefGroup = 4A438FAE1CFE068E006EBF44 /* Products */;
			projectDirPath = "";
			projectRoot = "";
			targets = (
				4A438FAC1CFE068E006EBF44 /* Economizador */,
			);
		};
/* End PBXProject section */

/* Begin PBXResourcesBuildPhase section */
		4A438FAB1CFE068E006EBF44 /* Resources */ = {
			isa = PBXResourcesBuildPhase;
			buildActionMask = 2147483647;
			files = (
				4A438FBB1CFE068F006EBF44 /* LaunchScreen.storyboard in Resources */,
				4A438FE41CFF756B006EBF44 /* EconomizadorDB.sqlite in Resources */,
				4A438FB81CFE068F006EBF44 /* Assets.xcassets in Resources */,
				4A438FB61CFE068F006EBF44 /* Main.storyboard in Resources */,
			);
			runOnlyForDeploymentPostprocessing = 0;
		};
/* End PBXResourcesBuildPhase section */

/* Begin PBXSourcesBuildPhase section */
		4A438FA91CFE068E006EBF44 /* Sources */ = {
			isa = PBXSourcesBuildPhase;
			buildActionMask = 2147483647;
			files = (
				4A438FCE1CFF4CAD006EBF44 /* FMDatabase.m in Sources */,
				4A438FB31CFE068F006EBF44 /* ViewController.swift in Sources */,
				52BFCE4D221A1F8500D6482B /* UIViewController.swift in Sources */,
				4A438FD21CFF4CAD006EBF44 /* FMResultSet.m in Sources */,
				4A438FD01CFF4CAD006EBF44 /* FMDatabasePool.m in Sources */,
				4A438FD91CFF533D006EBF44 /* Utility.swift in Sources */,
				4A438FB11CFE068F006EBF44 /* AppDelegate.swift in Sources */,
				4A438FDB1CFF53F1006EBF44 /* Ingresos.swift in Sources */,
				4A438FE01CFF5A03006EBF44 /* ModelManager.swift in Sources */,
				4A438FEA1CFFA9DC006EBF44 /* AgregarIngresoViewController.swift in Sources */,
				4A438FCF1CFF4CAD006EBF44 /* FMDatabaseAdditions.m in Sources */,
				4A438FD11CFF4CAD006EBF44 /* FMDatabaseQueue.m in Sources */,
			);
			runOnlyForDeploymentPostprocessing = 0;
		};
/* End PBXSourcesBuildPhase section */

/* Begin PBXVariantGroup section */
		4A438FB41CFE068F006EBF44 /* Main.storyboard */ = {
			isa = PBXVariantGroup;
			children = (
				4A438FB51CFE068F006EBF44 /* Base */,
			);
			name = Main.storyboard;
			sourceTree = "<group>";
		};
		4A438FB91CFE068F006EBF44 /* LaunchScreen.storyboard */ = {
			isa = PBXVariantGroup;
			children = (
				4A438FBA1CFE068F006EBF44 /* Base */,
			);
			name = LaunchScreen.storyboard;
			sourceTree = "<group>";
		};
/* End PBXVariantGroup section */

/* Begin XCBuildConfiguration section */
		4A438FBD1CFE068F006EBF44 /* Debug */ = {
			isa = XCBuildConfiguration;
			buildSettings = {
				ALWAYS_SEARCH_USER_PATHS = NO;
				CLANG_ANALYZER_NONNULL = YES;
				CLANG_CXX_LANGUAGE_STANDARD = "gnu++0x";
				CLANG_CXX_LIBRARY = "libc++";
				CLANG_ENABLE_MODULES = YES;
				CLANG_ENABLE_OBJC_ARC = YES;
				CLANG_WARN_BOOL_CONVERSION = YES;
				CLANG_WARN_CONSTANT_CONVERSION = YES;
				CLANG_WARN_DIRECT_OBJC_ISA_USAGE = YES_ERROR;
				CLANG_WARN_EMPTY_BODY = YES;
				CLANG_WARN_ENUM_CONVERSION = YES;
				CLANG_WARN_INT_CONVERSION = YES;
				CLANG_WARN_OBJC_ROOT_CLASS = YES_ERROR;
				CLANG_WARN_UNREACHABLE_CODE = YES;
				CLANG_WARN__DUPLICATE_METHOD_MATCH = YES;
				"CODE_SIGN_IDENTITY[sdk=iphoneos*]" = "iPhone Developer";
				COPY_PHASE_STRIP = NO;
				DEBUG_INFORMATION_FORMAT = dwarf;
				ENABLE_STRICT_OBJC_MSGSEND = YES;
				ENABLE_TESTABILITY = YES;
				GCC_C_LANGUAGE_STANDARD = gnu99;
				GCC_DYNAMIC_NO_PIC = NO;
				GCC_NO_COMMON_BLOCKS = YES;
				GCC_OPTIMIZATION_LEVEL = 0;
				GCC_PREPROCESSOR_DEFINITIONS = (
					"DEBUG=1",
					"$(inherited)",
				);
				GCC_WARN_64_TO_32_BIT_CONVERSION = YES;
				GCC_WARN_ABOUT_RETURN_TYPE = YES_ERROR;
				GCC_WARN_UNDECLARED_SELECTOR = YES;
				GCC_WARN_UNINITIALIZED_AUTOS = YES_AGGRESSIVE;
				GCC_WARN_UNUSED_FUNCTION = YES;
				GCC_WARN_UNUSED_VARIABLE = YES;
				IPHONEOS_DEPLOYMENT_TARGET = 9.3;
				MTL_ENABLE_DEBUG_INFO = YES;
				ONLY_ACTIVE_ARCH = YES;
				SDKROOT = iphoneos;
				SWIFT_OPTIMIZATION_LEVEL = "-Onone";
				TARGETED_DEVICE_FAMILY = "1,2";
			};
			name = Debug;
		};
		4A438FBE1CFE068F006EBF44 /* Release */ = {
			isa = XCBuildConfiguration;
			buildSettings = {
				ALWAYS_SEARCH_USER_PATHS = NO;
				CLANG_ANALYZER_NONNULL = YES;
				CLANG_CXX_LANGUAGE_STANDARD = "gnu++0x";
				CLANG_CXX_LIBRARY = "libc++";
				CLANG_ENABLE_MODULES = YES;
				CLANG_ENABLE_OBJC_ARC = YES;
				CLANG_WARN_BOOL_CONVERSION = YES;
				CLANG_WARN_CONSTANT_CONVERSION = YES;
				CLANG_WARN_DIRECT_OBJC_ISA_USAGE = YES_ERROR;
				CLANG_WARN_EMPTY_BODY = YES;
				CLANG_WARN_ENUM_CONVERSION = YES;
				CLANG_WARN_INT_CONVERSION = YES;
				CLANG_WARN_OBJC_ROOT_CLASS = YES_ERROR;
				CLANG_WARN_UNREACHABLE_CODE = YES;
				CLANG_WARN__DUPLICATE_METHOD_MATCH = YES;
				"CODE_SIGN_IDENTITY[sdk=iphoneos*]" = "iPhone Developer";
				COPY_PHASE_STRIP = NO;
				DEBUG_INFORMATION_FORMAT = "dwarf-with-dsym";
				ENABLE_NS_ASSERTIONS = NO;
				ENABLE_STRICT_OBJC_MSGSEND = YES;
				GCC_C_LANGUAGE_STANDARD = gnu99;
				GCC_NO_COMMON_BLOCKS = YES;
				GCC_WARN_64_TO_32_BIT_CONVERSION = YES;
				GCC_WARN_ABOUT_RETURN_TYPE = YES_ERROR;
				GCC_WARN_UNDECLARED_SELECTOR = YES;
				GCC_WARN_UNINITIALIZED_AUTOS = YES_AGGRESSIVE;
				GCC_WARN_UNUSED_FUNCTION = YES;
				GCC_WARN_UNUSED_VARIABLE = YES;
				IPHONEOS_DEPLOYMENT_TARGET = 9.3;
				MTL_ENABLE_DEBUG_INFO = NO;
				SDKROOT = iphoneos;
				TARGETED_DEVICE_FAMILY = "1,2";
				VALIDATE_PRODUCT = YES;
			};
			name = Release;
		};
		4A438FC01CFE068F006EBF44 /* Debug */ = {
			isa = XCBuildConfiguration;
			buildSettings = {
				ASSETCATALOG_COMPILER_APPICON_NAME = AppIcon;
				CLANG_ENABLE_MODULES = YES;
				CODE_SIGN_IDENTITY = "iPhone Developer";
				"CODE_SIGN_IDENTITY[sdk=iphoneos*]" = "iPhone Developer";
				DEVELOPMENT_TEAM = MC2W678MVZ;
				INFOPLIST_FILE = Economizador/Info.plist;
				LD_RUNPATH_SEARCH_PATHS = "$(inherited) @executable_path/Frameworks";
				PRODUCT_BUNDLE_IDENTIFIER = mx.com.nut.Economizador;
				PRODUCT_NAME = "$(TARGET_NAME)";
				PROVISIONING_PROFILE = "";
				SWIFT_OBJC_BRIDGING_HEADER = "Economizador/Economizador-Bridging-Header.h";
				SWIFT_OPTIMIZATION_LEVEL = "-Onone";
				SWIFT_VERSION = 3.0;
			};
			name = Debug;
		};
		4A438FC11CFE068F006EBF44 /* Release */ = {
			isa = XCBuildConfiguration;
			buildSettings = {
				ASSETCATALOG_COMPILER_APPICON_NAME = AppIcon;
				CLANG_ENABLE_MODULES = YES;
				CODE_SIGN_IDENTITY = "iPhone Developer";
				"CODE_SIGN_IDENTITY[sdk=iphoneos*]" = "iPhone Developer";
				DEVELOPMENT_TEAM = MC2W678MVZ;
				INFOPLIST_FILE = Economizador/Info.plist;
				LD_RUNPATH_SEARCH_PATHS = "$(inherited) @executable_path/Frameworks";
				PRODUCT_BUNDLE_IDENTIFIER = mx.com.nut.Economizador;
				PRODUCT_NAME = "$(TARGET_NAME)";
				PROVISIONING_PROFILE = "";
				SWIFT_OBJC_BRIDGING_HEADER = "Economizador/Economizador-Bridging-Header.h";
				SWIFT_VERSION = 3.0;
			};
			name = Release;
		};
/* End XCBuildConfiguration section */

/* Begin XCConfigurationList section */
		4A438FA81CFE068E006EBF44 /* Build configuration list for PBXProject "Economizador" */ = {
			isa = XCConfigurationList;
			buildConfigurations = (
				4A438FBD1CFE068F006EBF44 /* Debug */,
				4A438FBE1CFE068F006EBF44 /* Release */,
			);
			defaultConfigurationIsVisible = 0;
			defaultConfigurationName = Release;
		};
		4A438FBF1CFE068F006EBF44 /* Build configuration list for PBXNativeTarget "Economizador" */ = {
			isa = XCConfigurationList;
			buildConfigurations = (
				4A438FC01CFE068F006EBF44 /* Debug */,
				4A438FC11CFE068F006EBF44 /* Release */,
			);
			defaultConfigurationIsVisible = 0;
			defaultConfigurationName = Release;
		};
/* End XCConfigurationList section */
	};
	rootObject = 4A438FA51CFE068E006EBF44 /* Project object */;
}
